
Microsoft Visual Studio Solution File, Format Version 11.00
# Visual Studio 2010
Project("{FAE04EC0-301F-11D3-BF4B-00C04F79EFBC}") = "Eco.Domain", "Eco.Domain.csproj", "{935887B3-14A9-4521-8AC7-D6F0D935B925}"
EndProject
Global
	GlobalSection(SolutionConfigurationPlatforms) = preSolution
		Debug|Any CPU = Debug|Any CPU
		Release|Any CPU = Release|Any CPU
	EndGlobalSection
	GlobalSection(ProjectConfigurationPlatforms) = postSolution
		{935887B3-14A9-4521-8AC7-D6F0D935B925}.Debug|Any CPU.ActiveCfg = Debug|Any CPU
		{935887B3-14A9-4521-8AC7-D6F0D935B925}.Debug|Any CPU.Build.0 = Debug|Any CPU
		{935887B3-14A9-4521-8AC7-D6F0D935B925}.Release|Any CPU.ActiveCfg = Release|Any CPU
		{935887B3-14A9-4521-8AC7-D6F0D935B925}.Release|Any CPU.Build.0 = Release|Any CPU
	EndGlobalSection
	GlobalSection(SolutionProperties) = preSolution
		HideSolutionNode = FALSE
	EndGlobalSection
EndGlobal
